
Microsoft Visual Studio Solution File, Format Version 12.00
# Visual Studio Version 17
VisualStudioVersion = 17.1.32319.34
MinimumVisualStudioVersion = 10.0.40219.1
Project("{FAE04EC0-301F-11D3-BF4B-00C04F79EFBC}") = "SFC", "SFC.csproj", "{19014CF4-C3F4-42F7-A567-E6C5D06AA172}"
EndProject
Project("{FAE04EC0-301F-11D3-BF4B-00C04F79EFBC}") = "Dou", "..\..\..\..\Dou\Dou.csproj", "{2536A26B-AE38-4A30-873F-71D7785ABB81}"
EndProject
Project("{9A19103F-16F7-4668-BE54-9A1E7A4F7556}") = "DouHelper", "..\..\..\..\DouCore\Lib\DouHelper\DouHelper.csproj", "{AB6095A4-43B9-466F-A373-177227250769}"
EndProject
Global
	GlobalSection(SolutionConfigurationPlatforms) = preSolution
		Debug|Any CPU = Debug|Any CPU
		Release|Any CPU = Release|Any CPU
	EndGlobalSection
	GlobalSection(ProjectConfigurationPlatforms) = postSolution
		{19014CF4-C3F4-42F7-A567-E6C5D06AA172}.Debug|Any CPU.ActiveCfg = Debug|Any CPU
		{19014CF4-C3F4-42F7-A567-E6C5D06AA172}.Debug|Any CPU.Build.0 = Debug|Any CPU
		{19014CF4-C3F4-42F7-A567-E6C5D06AA172}.Release|Any CPU.ActiveCfg = Release|Any CPU
		{19014CF4-C3F4-42F7-A567-E6C5D06AA172}.Release|Any CPU.Build.0 = Release|Any CPU
		{2536A26B-AE38-4A30-873F-71D7785ABB81}.Debug|Any CPU.ActiveCfg = Debug|Any CPU
		{2536A26B-AE38-4A30-873F-71D7785ABB81}.Debug|Any CPU.Build.0 = Debug|Any CPU
		{2536A26B-AE38-4A30-873F-71D7785ABB81}.Release|Any CPU.ActiveCfg = Release|Any CPU
		{2536A26B-AE38-4A30-873F-71D7785ABB81}.Release|Any CPU.Build.0 = Release|Any CPU
		{AB6095A4-43B9-466F-A373-177227250769}.Debug|Any CPU.ActiveCfg = Debug|Any CPU
		{AB6095A4-43B9-466F-A373-177227250769}.Debug|Any CPU.Build.0 = Debug|Any CPU
		{AB6095A4-43B9-466F-A373-177227250769}.Release|Any CPU.ActiveCfg = Release|Any CPU
		{AB6095A4-43B9-466F-A373-177227250769}.Release|Any CPU.Build.0 = Release|Any CPU
	EndGlobalSection
	GlobalSection(SolutionProperties) = preSolution
		HideSolutionNode = FALSE
	EndGlobalSection
	GlobalSection(ExtensibilityGlobals) = postSolution
		SolutionGuid = {BC02157D-2CC9-4197-BD95-894D121E25C1}
	EndGlobalSection
EndGlobal
